
Microsoft Visual Studio Solution File, Format Version 12.00
# Visual Studio Version 17
VisualStudioVersion = 17.3.32901.215
MinimumVisualStudioVersion = 10.0.40219.1
Project("{FAE04EC0-301F-11D3-BF4B-00C04F79EFBC}") = "socketclient2prac", "socketclient2prac\socketclient2prac.csproj", "{9DC3AD83-CE90-4283-A111-0C430A7FF94A}"
EndProject
Global
	GlobalSection(SolutionConfigurationPlatforms) = preSolution
		Debug|Any CPU = Debug|Any CPU
		Release|Any CPU = Release|Any CPU
	EndGlobalSection
	GlobalSection(ProjectConfigurationPlatforms) = postSolution
		{9DC3AD83-CE90-4283-A111-0C430A7FF94A}.Debug|Any CPU.ActiveCfg = Debug|Any CPU
		{9DC3AD83-CE90-4283-A111-0C430A7FF94A}.Debug|Any CPU.Build.0 = Debug|Any CPU
		{9DC3AD83-CE90-4283-A111-0C430A7FF94A}.Release|Any CPU.ActiveCfg = Release|Any CPU
		{9DC3AD83-CE90-4283-A111-0C430A7FF94A}.Release|Any CPU.Build.0 = Release|Any CPU
	EndGlobalSection
	GlobalSection(SolutionProperties) = preSolution
		HideSolutionNode = FALSE
	EndGlobalSection
	GlobalSection(ExtensibilityGlobals) = postSolution
		SolutionGuid = {3D5AB72F-FCA2-4B32-89A9-AB362EB455E8}
	EndGlobalSection
EndGlobal
